
Microsoft Visual Studio Solution File, Format Version 12.00
# Visual Studio Version 16
VisualStudioVersion = 16.0.31515.178
MinimumVisualStudioVersion = 10.0.40219.1
Project("{9A19103F-16F7-4668-BE54-9A1E7A4F7556}") = "DesignPatterns.Notifications", "DesignPatterns.Notifications\DesignPatterns.Notifications.csproj", "{ABC4066E-0A29-4742-B078-19C22E45FEBD}"
EndProject
Project("{FAE04EC0-301F-11D3-BF4B-00C04F79EFBC}") = "DesignPatterns.Mediator", "DesignPatterns.Mediator\DesignPatterns.Mediator.csproj", "{F2107532-4F7A-4E4B-A664-8667E7ED25F5}"
EndProject
Global
	GlobalSection(SolutionConfigurationPlatforms) = preSolution
		Debug|Any CPU = Debug|Any CPU
		Release|Any CPU = Release|Any CPU
	EndGlobalSection
	GlobalSection(ProjectConfigurationPlatforms) = postSolution
		{ABC4066E-0A29-4742-B078-19C22E45FEBD}.Debug|Any CPU.ActiveCfg = Debug|Any CPU
		{ABC4066E-0A29-4742-B078-19C22E45FEBD}.Debug|Any CPU.Build.0 = Debug|Any CPU
		{ABC4066E-0A29-4742-B078-19C22E45FEBD}.Release|Any CPU.ActiveCfg = Release|Any CPU
		{ABC4066E-0A29-4742-B078-19C22E45FEBD}.Release|Any CPU.Build.0 = Release|Any CPU
		{F2107532-4F7A-4E4B-A664-8667E7ED25F5}.Debug|Any CPU.ActiveCfg = Debug|Any CPU
		{F2107532-4F7A-4E4B-A664-8667E7ED25F5}.Debug|Any CPU.Build.0 = Debug|Any CPU
		{F2107532-4F7A-4E4B-A664-8667E7ED25F5}.Release|Any CPU.ActiveCfg = Release|Any CPU
		{F2107532-4F7A-4E4B-A664-8667E7ED25F5}.Release|Any CPU.Build.0 = Release|Any CPU
	EndGlobalSection
	GlobalSection(SolutionProperties) = preSolution
		HideSolutionNode = FALSE
	EndGlobalSection
	GlobalSection(ExtensibilityGlobals) = postSolution
		SolutionGuid = {4CA5A73A-4A06-429E-A6F6-FA1F218CFD9A}
	EndGlobalSection
EndGlobal
